
Microsoft Visual Studio Solution File, Format Version 12.00
# Visual Studio 14
VisualStudioVersion = 14.0.25420.1
MinimumVisualStudioVersion = 10.0.40219.1
Project("{2150E333-8FDC-42A3-9474-1A3956D46DE8}") = "Data", "Data", "{907CBC28-C980-4F1C-953B-2BCF4972327A}"
EndProject
Project("{2150E333-8FDC-42A3-9474-1A3956D46DE8}") = "Business", "Business", "{CC26E490-272E-40E7-AC1A-11FBFE9E7FCB}"
EndProject
Project("{2150E333-8FDC-42A3-9474-1A3956D46DE8}") = "Services", "Services", "{EF221EB0-4B55-4411-8A59-C08AAE745DF4}"
EndProject
Project("{2150E333-8FDC-42A3-9474-1A3956D46DE8}") = "Presentation", "Presentation", "{730D501B-CAE2-4506-90D7-6114151C12C2}"
EndProject
Project("{2150E333-8FDC-42A3-9474-1A3956D46DE8}") = "Hosts", "Hosts", "{A0D4AAA9-EC90-4F98-A043-C5AE852EB380}"
EndProject
Project("{2150E333-8FDC-42A3-9474-1A3956D46DE8}") = "Shared", "Shared", "{EDA8F664-1283-4334-BFB7-8AE0A6F68DAB}"
EndProject
Project("{FAE04EC0-301F-11D3-BF4B-00C04F79EFBC}") = "Safari.Framework", "Shared\Safari.Framework\Safari.Framework.csproj", "{CE444DAE-9CBC-4F1D-9049-09489620BF63}"
EndProject
Project("{FAE04EC0-301F-11D3-BF4B-00C04F79EFBC}") = "Safari.Entities", "Shared\Safari.Entities\Safari.Entities.csproj", "{DED5F661-C299-47EB-AE50-B64BE8FEEBC9}"
EndProject
Project("{FAE04EC0-301F-11D3-BF4B-00C04F79EFBC}") = "Safari.Data", "Data\Safari.Data\Safari.Data.csproj", "{E7F80528-1454-4817-92B3-8E5265514128}"
EndProject
Project("{FAE04EC0-301F-11D3-BF4B-00C04F79EFBC}") = "Safari.Business", "Business\Safari.Business\Safari.Business.csproj", "{7AD85E7B-E229-4F10-8837-6C5BFE05FC52}"
EndProject
Project("{FAE04EC0-301F-11D3-BF4B-00C04F79EFBC}") = "Safari.Services.Contracts", "Services\Safari.Services.Contracts\Safari.Services.Contracts.csproj", "{AED38724-3F4A-4128-8843-E65D4D821B41}"
EndProject
Project("{FAE04EC0-301F-11D3-BF4B-00C04F79EFBC}") = "Safari.Services", "Services\Safari.Services\Safari.Services.csproj", "{C1742601-B74E-492E-9465-C4465D9AE02D}"
EndProject
Project("{FAE04EC0-301F-11D3-BF4B-00C04F79EFBC}") = "Safari.Services.Http", "Services\Safari.Services.Http\Safari.Services.Http.csproj", "{A775AA86-6DE0-4EF9-995D-CD718DAF6336}"
EndProject
Project("{FAE04EC0-301F-11D3-BF4B-00C04F79EFBC}") = "Safari.Hosts.Web", "Hosts\Safari.Hosts.Web\Safari.Hosts.Web.csproj", "{90E7F5B6-64BE-4CC2-91D7-FA888B9E8F11}"
EndProject
Project("{FAE04EC0-301F-11D3-BF4B-00C04F79EFBC}") = "Safari.UI.Process", "Presentation\Safari.UI.Process\Safari.UI.Process.csproj", "{7B34EC89-2823-4817-ADAD-942A08C1AC24}"
EndProject
Project("{FAE04EC0-301F-11D3-BF4B-00C04F79EFBC}") = "Safari.UI.Web", "Presentation\Safari.UI.Web\Safari.UI.Web.csproj", "{71DA4554-DEAC-457D-B6AC-FBAF99D4E868}"
EndProject
Global
	GlobalSection(SolutionConfigurationPlatforms) = preSolution
		Debug|Any CPU = Debug|Any CPU
		Release|Any CPU = Release|Any CPU
	EndGlobalSection
	GlobalSection(ProjectConfigurationPlatforms) = postSolution
		{CE444DAE-9CBC-4F1D-9049-09489620BF63}.Debug|Any CPU.ActiveCfg = Debug|Any CPU
		{CE444DAE-9CBC-4F1D-9049-09489620BF63}.Debug|Any CPU.Build.0 = Debug|Any CPU
		{CE444DAE-9CBC-4F1D-9049-09489620BF63}.Release|Any CPU.ActiveCfg = Release|Any CPU
		{CE444DAE-9CBC-4F1D-9049-09489620BF63}.Release|Any CPU.Build.0 = Release|Any CPU
		{DED5F661-C299-47EB-AE50-B64BE8FEEBC9}.Debug|Any CPU.ActiveCfg = Debug|Any CPU
		{DED5F661-C299-47EB-AE50-B64BE8FEEBC9}.Debug|Any CPU.Build.0 = Debug|Any CPU
		{DED5F661-C299-47EB-AE50-B64BE8FEEBC9}.Release|Any CPU.ActiveCfg = Release|Any CPU
		{DED5F661-C299-47EB-AE50-B64BE8FEEBC9}.Release|Any CPU.Build.0 = Release|Any CPU
		{E7F80528-1454-4817-92B3-8E5265514128}.Debug|Any CPU.ActiveCfg = Debug|Any CPU
		{E7F80528-1454-4817-92B3-8E5265514128}.Debug|Any CPU.Build.0 = Debug|Any CPU
		{E7F80528-1454-4817-92B3-8E5265514128}.Release|Any CPU.ActiveCfg = Release|Any CPU
		{E7F80528-1454-4817-92B3-8E5265514128}.Release|Any CPU.Build.0 = Release|Any CPU
		{7AD85E7B-E229-4F10-8837-6C5BFE05FC52}.Debug|Any CPU.ActiveCfg = Debug|Any CPU
		{7AD85E7B-E229-4F10-8837-6C5BFE05FC52}.Debug|Any CPU.Build.0 = Debug|Any CPU
		{7AD85E7B-E229-4F10-8837-6C5BFE05FC52}.Release|Any CPU.ActiveCfg = Release|Any CPU
		{7AD85E7B-E229-4F10-8837-6C5BFE05FC52}.Release|Any CPU.Build.0 = Release|Any CPU
		{AED38724-3F4A-4128-8843-E65D4D821B41}.Debug|Any CPU.ActiveCfg = Debug|Any CPU
		{AED38724-3F4A-4128-8843-E65D4D821B41}.Debug|Any CPU.Build.0 = Debug|Any CPU
		{AED38724-3F4A-4128-8843-E65D4D821B41}.Release|Any CPU.ActiveCfg = Release|Any CPU
		{AED38724-3F4A-4128-8843-E65D4D821B41}.Release|Any CPU.Build.0 = Release|Any CPU
		{C1742601-B74E-492E-9465-C4465D9AE02D}.Debug|Any CPU.ActiveCfg = Debug|Any CPU
		{C1742601-B74E-492E-9465-C4465D9AE02D}.Debug|Any CPU.Build.0 = Debug|Any CPU
		{C1742601-B74E-492E-9465-C4465D9AE02D}.Release|Any CPU.ActiveCfg = Release|Any CPU
		{C1742601-B74E-492E-9465-C4465D9AE02D}.Release|Any CPU.Build.0 = Release|Any CPU
		{A775AA86-6DE0-4EF9-995D-CD718DAF6336}.Debug|Any CPU.ActiveCfg = Debug|Any CPU
		{A775AA86-6DE0-4EF9-995D-CD718DAF6336}.Debug|Any CPU.Build.0 = Debug|Any CPU
		{A775AA86-6DE0-4EF9-995D-CD718DAF6336}.Release|Any CPU.ActiveCfg = Release|Any CPU
		{A775AA86-6DE0-4EF9-995D-CD718DAF6336}.Release|Any CPU.Build.0 = Release|Any CPU
		{90E7F5B6-64BE-4CC2-91D7-FA888B9E8F11}.Debug|Any CPU.ActiveCfg = Debug|Any CPU
		{90E7F5B6-64BE-4CC2-91D7-FA888B9E8F11}.Debug|Any CPU.Build.0 = Debug|Any CPU
		{90E7F5B6-64BE-4CC2-91D7-FA888B9E8F11}.Release|Any CPU.ActiveCfg = Release|Any CPU
		{90E7F5B6-64BE-4CC2-91D7-FA888B9E8F11}.Release|Any CPU.Build.0 = Release|Any CPU
		{7B34EC89-2823-4817-ADAD-942A08C1AC24}.Debug|Any CPU.ActiveCfg = Debug|Any CPU
		{7B34EC89-2823-4817-ADAD-942A08C1AC24}.Debug|Any CPU.Build.0 = Debug|Any CPU
		{7B34EC89-2823-4817-ADAD-942A08C1AC24}.Release|Any CPU.ActiveCfg = Release|Any CPU
		{7B34EC89-2823-4817-ADAD-942A08C1AC24}.Release|Any CPU.Build.0 = Release|Any CPU
		{71DA4554-DEAC-457D-B6AC-FBAF99D4E868}.Debug|Any CPU.ActiveCfg = Debug|Any CPU
		{71DA4554-DEAC-457D-B6AC-FBAF99D4E868}.Debug|Any CPU.Build.0 = Debug|Any CPU
		{71DA4554-DEAC-457D-B6AC-FBAF99D4E868}.Release|Any CPU.ActiveCfg = Release|Any CPU
		{71DA4554-DEAC-457D-B6AC-FBAF99D4E868}.Release|Any CPU.Build.0 = Release|Any CPU
	EndGlobalSection
	GlobalSection(SolutionProperties) = preSolution
		HideSolutionNode = FALSE
	EndGlobalSection
	GlobalSection(NestedProjects) = preSolution
		{CE444DAE-9CBC-4F1D-9049-09489620BF63} = {EDA8F664-1283-4334-BFB7-8AE0A6F68DAB}
		{DED5F661-C299-47EB-AE50-B64BE8FEEBC9} = {EDA8F664-1283-4334-BFB7-8AE0A6F68DAB}
		{E7F80528-1454-4817-92B3-8E5265514128} = {907CBC28-C980-4F1C-953B-2BCF4972327A}
		{7AD85E7B-E229-4F10-8837-6C5BFE05FC52} = {CC26E490-272E-40E7-AC1A-11FBFE9E7FCB}
		{AED38724-3F4A-4128-8843-E65D4D821B41} = {EF221EB0-4B55-4411-8A59-C08AAE745DF4}
		{C1742601-B74E-492E-9465-C4465D9AE02D} = {EF221EB0-4B55-4411-8A59-C08AAE745DF4}
		{A775AA86-6DE0-4EF9-995D-CD718DAF6336} = {EF221EB0-4B55-4411-8A59-C08AAE745DF4}
		{90E7F5B6-64BE-4CC2-91D7-FA888B9E8F11} = {A0D4AAA9-EC90-4F98-A043-C5AE852EB380}
		{7B34EC89-2823-4817-ADAD-942A08C1AC24} = {730D501B-CAE2-4506-90D7-6114151C12C2}
		{71DA4554-DEAC-457D-B6AC-FBAF99D4E868} = {730D501B-CAE2-4506-90D7-6114151C12C2}
	EndGlobalSection
EndGlobal
